
Microsoft Visual Studio Solution File, Format Version 12.00
# Visual Studio Version 16
VisualStudioVersion = 16.0.30114.105
MinimumVisualStudioVersion = 10.0.40219.1
Project("{9A19103F-16F7-4668-BE54-9A1E7A4F7556}") = "MusicShop", "MusicShop\MusicShop.csproj", "{727B09BD-E34A-42E0-B448-7A6F9DF87C0A}"
EndProject
Project("{FAE04EC0-301F-11D3-BF4B-00C04F79EFBC}") = "DAO", "DAO\DAO.csproj", "{1FB39A0F-438E-440A-BF97-270FF4360A79}"
EndProject
Project("{FAE04EC0-301F-11D3-BF4B-00C04F79EFBC}") = "Services", "Services\Services.csproj", "{E698F64F-A504-4D15-9257-18BB7501D6E8}"
EndProject
Global
	GlobalSection(SolutionConfigurationPlatforms) = preSolution
		Debug|Any CPU = Debug|Any CPU
		Release|Any CPU = Release|Any CPU
	EndGlobalSection
	GlobalSection(ProjectConfigurationPlatforms) = postSolution
		{727B09BD-E34A-42E0-B448-7A6F9DF87C0A}.Debug|Any CPU.ActiveCfg = Debug|Any CPU
		{727B09BD-E34A-42E0-B448-7A6F9DF87C0A}.Debug|Any CPU.Build.0 = Debug|Any CPU
		{727B09BD-E34A-42E0-B448-7A6F9DF87C0A}.Release|Any CPU.ActiveCfg = Release|Any CPU
		{727B09BD-E34A-42E0-B448-7A6F9DF87C0A}.Release|Any CPU.Build.0 = Release|Any CPU
		{1FB39A0F-438E-440A-BF97-270FF4360A79}.Debug|Any CPU.ActiveCfg = Debug|Any CPU
		{1FB39A0F-438E-440A-BF97-270FF4360A79}.Debug|Any CPU.Build.0 = Debug|Any CPU
		{1FB39A0F-438E-440A-BF97-270FF4360A79}.Release|Any CPU.ActiveCfg = Release|Any CPU
		{1FB39A0F-438E-440A-BF97-270FF4360A79}.Release|Any CPU.Build.0 = Release|Any CPU
		{E698F64F-A504-4D15-9257-18BB7501D6E8}.Debug|Any CPU.ActiveCfg = Debug|Any CPU
		{E698F64F-A504-4D15-9257-18BB7501D6E8}.Debug|Any CPU.Build.0 = Debug|Any CPU
		{E698F64F-A504-4D15-9257-18BB7501D6E8}.Release|Any CPU.ActiveCfg = Release|Any CPU
		{E698F64F-A504-4D15-9257-18BB7501D6E8}.Release|Any CPU.Build.0 = Release|Any CPU
	EndGlobalSection
	GlobalSection(SolutionProperties) = preSolution
		HideSolutionNode = FALSE
	EndGlobalSection
	GlobalSection(ExtensibilityGlobals) = postSolution
		SolutionGuid = {07522C4A-D7F0-4D03-A184-01C4E7C67B60}
	EndGlobalSection
EndGlobal
